
Microsoft Visual Studio Solution File, Format Version 12.00
# Visual Studio 2013
VisualStudioVersion = 12.0.21005.1
MinimumVisualStudioVersion = 10.0.40219.1
Project("{FAE04EC0-301F-11D3-BF4B-00C04F79EFBC}") = "DoraSolares_FernandoGuzman_Sesion9", "DoraSolares_FernandoGuzman_Sesion9\DoraSolares_FernandoGuzman_Sesion9.csproj", "{DED26C64-91DA-41C3-A7A5-73DDE9D722A8}"
EndProject
Global
	GlobalSection(SolutionConfigurationPlatforms) = preSolution
		Debug|Any CPU = Debug|Any CPU
		Release|Any CPU = Release|Any CPU
	EndGlobalSection
	GlobalSection(ProjectConfigurationPlatforms) = postSolution
		{DED26C64-91DA-41C3-A7A5-73DDE9D722A8}.Debug|Any CPU.ActiveCfg = Debug|Any CPU
		{DED26C64-91DA-41C3-A7A5-73DDE9D722A8}.Debug|Any CPU.Build.0 = Debug|Any CPU
		{DED26C64-91DA-41C3-A7A5-73DDE9D722A8}.Release|Any CPU.ActiveCfg = Release|Any CPU
		{DED26C64-91DA-41C3-A7A5-73DDE9D722A8}.Release|Any CPU.Build.0 = Release|Any CPU
	EndGlobalSection
	GlobalSection(SolutionProperties) = preSolution
		HideSolutionNode = FALSE
	EndGlobalSection
EndGlobal
