
Microsoft Visual Studio Solution File, Format Version 12.00
# Visual Studio 2013
VisualStudioVersion = 12.0.21005.1
MinimumVisualStudioVersion = 10.0.40219.1
Project("{2150E333-8FDC-42A3-9474-1A3956D46DE8}") = "1-Presentacion", "1-Presentacion", "{B3D84610-CEA0-413A-8610-DA7C2162D7A6}"
EndProject
Project("{2150E333-8FDC-42A3-9474-1A3956D46DE8}") = "3-AccesoDatos", "3-AccesoDatos", "{7C26A442-19FD-4AFC-BF74-7F091EB00E65}"
EndProject
Project("{2150E333-8FDC-42A3-9474-1A3956D46DE8}") = "2-LogicaDeNegocios", "2-LogicaDeNegocios", "{BFB3EC23-3C2C-40E3-97E9-C59F16013940}"
EndProject
Project("{2150E333-8FDC-42A3-9474-1A3956D46DE8}") = "N-Core", "N-Core", "{53AB86ED-1D78-4EB7-A5F5-F925B0322D9D}"
EndProject
Project("{FAE04EC0-301F-11D3-BF4B-00C04F79EFBC}") = "SIFComun", "SIFComun\SIFComun.csproj", "{01385F78-847B-421A-8536-89D9A5851F0E}"
EndProject
Project("{FAE04EC0-301F-11D3-BF4B-00C04F79EFBC}") = "ProductosDal", "ProductosDal\ProductosDal.csproj", "{3FDE1361-E3DD-4185-9875-4E69C0C0486B}"
EndProject
Project("{FAE04EC0-301F-11D3-BF4B-00C04F79EFBC}") = "EmpleadoDal", "EmpleadoDal\EmpleadoDal.csproj", "{52E36648-0EC5-46D0-87F6-50D2D95344DF}"
EndProject
Project("{FAE04EC0-301F-11D3-BF4B-00C04F79EFBC}") = "ClienteDal", "ClienteDal\ClienteDal.csproj", "{03E8583E-3ADD-40B8-BBF9-BE702261E36D}"
EndProject
Project("{FAE04EC0-301F-11D3-BF4B-00C04F79EFBC}") = "VentasDal", "VentasDal\VentasDal.csproj", "{85064008-AC0B-4A15-AF6C-BBAFA47245BC}"
EndProject
Project("{FAE04EC0-301F-11D3-BF4B-00C04F79EFBC}") = "UsuariosDal", "UsuariosDal\UsuariosDal.csproj", "{A42CF50A-2047-4ABE-B830-E44484F8A4E0}"
EndProject
Project("{FAE04EC0-301F-11D3-BF4B-00C04F79EFBC}") = "ClienteBrl", "ClienteBrl\ClienteBrl.csproj", "{015AFAE9-261E-4873-BFB3-2E78F9732D8D}"
EndProject
Project("{FAE04EC0-301F-11D3-BF4B-00C04F79EFBC}") = "EmpleadoBrl", "EmpleadoBrl\EmpleadoBrl.csproj", "{75273AC7-333E-41C1-8940-E742EEF20643}"
EndProject
Project("{FAE04EC0-301F-11D3-BF4B-00C04F79EFBC}") = "ProductosBrl", "ProductosBrl\ProductosBrl.csproj", "{DAA5D7CB-4D66-40CD-8B0C-99B6BC14037A}"
EndProject
Project("{FAE04EC0-301F-11D3-BF4B-00C04F79EFBC}") = "UsuariosBrl", "UsuariosBrl\UsuariosBrl.csproj", "{2E4C00F4-552E-4D3A-8BB3-E6631FFE3A0F}"
EndProject
Project("{FAE04EC0-301F-11D3-BF4B-00C04F79EFBC}") = "VentasBrl", "VentasBrl\VentasBrl.csproj", "{F6D6DACD-3E8A-4A0F-B3EA-788D41BB346C}"
EndProject
Project("{FAE04EC0-301F-11D3-BF4B-00C04F79EFBC}") = "AplicacionPrueba", "AplicacionPrueba\AplicacionPrueba.csproj", "{621D5034-ABF7-45FF-AFD8-6627A995FF9E}"
EndProject
Project("{FAE04EC0-301F-11D3-BF4B-00C04F79EFBC}") = "SIF Ferale", "SIF Ferale\SIF Ferale.csproj", "{5A24CF8E-3BBA-4A7E-9FA5-39E3DAC3BD24}"
EndProject
Global
	GlobalSection(SolutionConfigurationPlatforms) = preSolution
		Debug|Any CPU = Debug|Any CPU
		Release|Any CPU = Release|Any CPU
	EndGlobalSection
	GlobalSection(ProjectConfigurationPlatforms) = postSolution
		{01385F78-847B-421A-8536-89D9A5851F0E}.Debug|Any CPU.ActiveCfg = Debug|Any CPU
		{01385F78-847B-421A-8536-89D9A5851F0E}.Debug|Any CPU.Build.0 = Debug|Any CPU
		{01385F78-847B-421A-8536-89D9A5851F0E}.Release|Any CPU.ActiveCfg = Release|Any CPU
		{01385F78-847B-421A-8536-89D9A5851F0E}.Release|Any CPU.Build.0 = Release|Any CPU
		{3FDE1361-E3DD-4185-9875-4E69C0C0486B}.Debug|Any CPU.ActiveCfg = Debug|Any CPU
		{3FDE1361-E3DD-4185-9875-4E69C0C0486B}.Debug|Any CPU.Build.0 = Debug|Any CPU
		{3FDE1361-E3DD-4185-9875-4E69C0C0486B}.Release|Any CPU.ActiveCfg = Release|Any CPU
		{3FDE1361-E3DD-4185-9875-4E69C0C0486B}.Release|Any CPU.Build.0 = Release|Any CPU
		{52E36648-0EC5-46D0-87F6-50D2D95344DF}.Debug|Any CPU.ActiveCfg = Debug|Any CPU
		{52E36648-0EC5-46D0-87F6-50D2D95344DF}.Debug|Any CPU.Build.0 = Debug|Any CPU
		{52E36648-0EC5-46D0-87F6-50D2D95344DF}.Release|Any CPU.ActiveCfg = Release|Any CPU
		{52E36648-0EC5-46D0-87F6-50D2D95344DF}.Release|Any CPU.Build.0 = Release|Any CPU
		{03E8583E-3ADD-40B8-BBF9-BE702261E36D}.Debug|Any CPU.ActiveCfg = Debug|Any CPU
		{03E8583E-3ADD-40B8-BBF9-BE702261E36D}.Debug|Any CPU.Build.0 = Debug|Any CPU
		{03E8583E-3ADD-40B8-BBF9-BE702261E36D}.Release|Any CPU.ActiveCfg = Release|Any CPU
		{03E8583E-3ADD-40B8-BBF9-BE702261E36D}.Release|Any CPU.Build.0 = Release|Any CPU
		{85064008-AC0B-4A15-AF6C-BBAFA47245BC}.Debug|Any CPU.ActiveCfg = Debug|Any CPU
		{85064008-AC0B-4A15-AF6C-BBAFA47245BC}.Debug|Any CPU.Build.0 = Debug|Any CPU
		{85064008-AC0B-4A15-AF6C-BBAFA47245BC}.Release|Any CPU.ActiveCfg = Release|Any CPU
		{85064008-AC0B-4A15-AF6C-BBAFA47245BC}.Release|Any CPU.Build.0 = Release|Any CPU
		{A42CF50A-2047-4ABE-B830-E44484F8A4E0}.Debug|Any CPU.ActiveCfg = Debug|Any CPU
		{A42CF50A-2047-4ABE-B830-E44484F8A4E0}.Debug|Any CPU.Build.0 = Debug|Any CPU
		{A42CF50A-2047-4ABE-B830-E44484F8A4E0}.Release|Any CPU.ActiveCfg = Release|Any CPU
		{A42CF50A-2047-4ABE-B830-E44484F8A4E0}.Release|Any CPU.Build.0 = Release|Any CPU
		{015AFAE9-261E-4873-BFB3-2E78F9732D8D}.Debug|Any CPU.ActiveCfg = Debug|Any CPU
		{015AFAE9-261E-4873-BFB3-2E78F9732D8D}.Debug|Any CPU.Build.0 = Debug|Any CPU
		{015AFAE9-261E-4873-BFB3-2E78F9732D8D}.Release|Any CPU.ActiveCfg = Release|Any CPU
		{015AFAE9-261E-4873-BFB3-2E78F9732D8D}.Release|Any CPU.Build.0 = Release|Any CPU
		{75273AC7-333E-41C1-8940-E742EEF20643}.Debug|Any CPU.ActiveCfg = Debug|Any CPU
		{75273AC7-333E-41C1-8940-E742EEF20643}.Debug|Any CPU.Build.0 = Debug|Any CPU
		{75273AC7-333E-41C1-8940-E742EEF20643}.Release|Any CPU.ActiveCfg = Release|Any CPU
		{75273AC7-333E-41C1-8940-E742EEF20643}.Release|Any CPU.Build.0 = Release|Any CPU
		{DAA5D7CB-4D66-40CD-8B0C-99B6BC14037A}.Debug|Any CPU.ActiveCfg = Debug|Any CPU
		{DAA5D7CB-4D66-40CD-8B0C-99B6BC14037A}.Debug|Any CPU.Build.0 = Debug|Any CPU
		{DAA5D7CB-4D66-40CD-8B0C-99B6BC14037A}.Release|Any CPU.ActiveCfg = Release|Any CPU
		{DAA5D7CB-4D66-40CD-8B0C-99B6BC14037A}.Release|Any CPU.Build.0 = Release|Any CPU
		{2E4C00F4-552E-4D3A-8BB3-E6631FFE3A0F}.Debug|Any CPU.ActiveCfg = Debug|Any CPU
		{2E4C00F4-552E-4D3A-8BB3-E6631FFE3A0F}.Debug|Any CPU.Build.0 = Debug|Any CPU
		{2E4C00F4-552E-4D3A-8BB3-E6631FFE3A0F}.Release|Any CPU.ActiveCfg = Release|Any CPU
		{2E4C00F4-552E-4D3A-8BB3-E6631FFE3A0F}.Release|Any CPU.Build.0 = Release|Any CPU
		{F6D6DACD-3E8A-4A0F-B3EA-788D41BB346C}.Debug|Any CPU.ActiveCfg = Debug|Any CPU
		{F6D6DACD-3E8A-4A0F-B3EA-788D41BB346C}.Debug|Any CPU.Build.0 = Debug|Any CPU
		{F6D6DACD-3E8A-4A0F-B3EA-788D41BB346C}.Release|Any CPU.ActiveCfg = Release|Any CPU
		{F6D6DACD-3E8A-4A0F-B3EA-788D41BB346C}.Release|Any CPU.Build.0 = Release|Any CPU
		{621D5034-ABF7-45FF-AFD8-6627A995FF9E}.Debug|Any CPU.ActiveCfg = Debug|Any CPU
		{621D5034-ABF7-45FF-AFD8-6627A995FF9E}.Debug|Any CPU.Build.0 = Debug|Any CPU
		{621D5034-ABF7-45FF-AFD8-6627A995FF9E}.Release|Any CPU.ActiveCfg = Release|Any CPU
		{621D5034-ABF7-45FF-AFD8-6627A995FF9E}.Release|Any CPU.Build.0 = Release|Any CPU
		{5A24CF8E-3BBA-4A7E-9FA5-39E3DAC3BD24}.Debug|Any CPU.ActiveCfg = Debug|Any CPU
		{5A24CF8E-3BBA-4A7E-9FA5-39E3DAC3BD24}.Debug|Any CPU.Build.0 = Debug|Any CPU
		{5A24CF8E-3BBA-4A7E-9FA5-39E3DAC3BD24}.Release|Any CPU.ActiveCfg = Release|Any CPU
		{5A24CF8E-3BBA-4A7E-9FA5-39E3DAC3BD24}.Release|Any CPU.Build.0 = Release|Any CPU
	EndGlobalSection
	GlobalSection(SolutionProperties) = preSolution
		HideSolutionNode = FALSE
	EndGlobalSection
	GlobalSection(NestedProjects) = preSolution
		{621D5034-ABF7-45FF-AFD8-6627A995FF9E} = {B3D84610-CEA0-413A-8610-DA7C2162D7A6}
		{5A24CF8E-3BBA-4A7E-9FA5-39E3DAC3BD24} = {B3D84610-CEA0-413A-8610-DA7C2162D7A6}
		{3FDE1361-E3DD-4185-9875-4E69C0C0486B} = {7C26A442-19FD-4AFC-BF74-7F091EB00E65}
		{52E36648-0EC5-46D0-87F6-50D2D95344DF} = {7C26A442-19FD-4AFC-BF74-7F091EB00E65}
		{03E8583E-3ADD-40B8-BBF9-BE702261E36D} = {7C26A442-19FD-4AFC-BF74-7F091EB00E65}
		{85064008-AC0B-4A15-AF6C-BBAFA47245BC} = {7C26A442-19FD-4AFC-BF74-7F091EB00E65}
		{A42CF50A-2047-4ABE-B830-E44484F8A4E0} = {7C26A442-19FD-4AFC-BF74-7F091EB00E65}
		{015AFAE9-261E-4873-BFB3-2E78F9732D8D} = {BFB3EC23-3C2C-40E3-97E9-C59F16013940}
		{75273AC7-333E-41C1-8940-E742EEF20643} = {BFB3EC23-3C2C-40E3-97E9-C59F16013940}
		{DAA5D7CB-4D66-40CD-8B0C-99B6BC14037A} = {BFB3EC23-3C2C-40E3-97E9-C59F16013940}
		{2E4C00F4-552E-4D3A-8BB3-E6631FFE3A0F} = {BFB3EC23-3C2C-40E3-97E9-C59F16013940}
		{F6D6DACD-3E8A-4A0F-B3EA-788D41BB346C} = {BFB3EC23-3C2C-40E3-97E9-C59F16013940}
		{01385F78-847B-421A-8536-89D9A5851F0E} = {53AB86ED-1D78-4EB7-A5F5-F925B0322D9D}
	EndGlobalSection
EndGlobal
