
Microsoft Visual Studio Solution File, Format Version 12.00
# Visual Studio 2013
VisualStudioVersion = 12.0.21005.1
MinimumVisualStudioVersion = 10.0.40219.1
Project("{FAE04EC0-301F-11D3-BF4B-00C04F79EFBC}") = "Comun", "Comun\Comun.csproj", "{1C07444D-BC11-47B5-BE53-1DDAAA68A766}"
EndProject
Project("{2150E333-8FDC-42A3-9474-1A3956D46DE8}") = "1-Presentacion", "1-Presentacion", "{07C8D81E-4799-4700-93AD-3493F544E789}"
EndProject
Project("{2150E333-8FDC-42A3-9474-1A3956D46DE8}") = "2-LogicaDeNegocio", "2-LogicaDeNegocio", "{ECCE499D-198F-4F47-97B0-C9DE48CD2A29}"
EndProject
Project("{2150E333-8FDC-42A3-9474-1A3956D46DE8}") = "3-AccesoDatos", "3-AccesoDatos", "{948FE1FE-93D4-4AAC-BF74-A9EBF829080B}"
EndProject
Project("{2150E333-8FDC-42A3-9474-1A3956D46DE8}") = "N-Core", "N-Core", "{C206BBB1-F8EA-4A69-97EB-A000D8CE1D09}"
EndProject
Project("{FAE04EC0-301F-11D3-BF4B-00C04F79EFBC}") = "EmpleadosDal", "EmpleadosDal\EmpleadosDal.csproj", "{C1991C5B-A153-47B1-8E2B-77357BD67457}"
EndProject
Project("{FAE04EC0-301F-11D3-BF4B-00C04F79EFBC}") = "EmpleadosBrl", "EmpleadosBrl\EmpleadosBrl.csproj", "{1E471923-F993-4483-B838-3F7382622E02}"
EndProject
Project("{FAE04EC0-301F-11D3-BF4B-00C04F79EFBC}") = "ConsoleAppEmpleados", "ConsoleAppEmpleados\ConsoleAppEmpleados.csproj", "{0A08130B-3548-4B74-8BD6-443DAFCD55AE}"
EndProject
Project("{2150E333-8FDC-42A3-9474-1A3956D46DE8}") = "WPF", "WPF", "{50F1CAC8-D3E5-4699-9B47-5FA35C6D5E77}"
EndProject
Project("{2150E333-8FDC-42A3-9474-1A3956D46DE8}") = "Consola", "Consola", "{C6B4BF00-0BB6-42A7-B128-7650B7DAA177}"
EndProject
Project("{FAE04EC0-301F-11D3-BF4B-00C04F79EFBC}") = "Hospital", "Hospital\Hospital.csproj", "{6BA35E86-5713-4CFB-A9E2-2AB5453770E1}"
EndProject
Global
	GlobalSection(SolutionConfigurationPlatforms) = preSolution
		Debug|Any CPU = Debug|Any CPU
		Release|Any CPU = Release|Any CPU
	EndGlobalSection
	GlobalSection(ProjectConfigurationPlatforms) = postSolution
		{1C07444D-BC11-47B5-BE53-1DDAAA68A766}.Debug|Any CPU.ActiveCfg = Debug|Any CPU
		{1C07444D-BC11-47B5-BE53-1DDAAA68A766}.Debug|Any CPU.Build.0 = Debug|Any CPU
		{1C07444D-BC11-47B5-BE53-1DDAAA68A766}.Release|Any CPU.ActiveCfg = Release|Any CPU
		{1C07444D-BC11-47B5-BE53-1DDAAA68A766}.Release|Any CPU.Build.0 = Release|Any CPU
		{C1991C5B-A153-47B1-8E2B-77357BD67457}.Debug|Any CPU.ActiveCfg = Debug|Any CPU
		{C1991C5B-A153-47B1-8E2B-77357BD67457}.Debug|Any CPU.Build.0 = Debug|Any CPU
		{C1991C5B-A153-47B1-8E2B-77357BD67457}.Release|Any CPU.ActiveCfg = Release|Any CPU
		{C1991C5B-A153-47B1-8E2B-77357BD67457}.Release|Any CPU.Build.0 = Release|Any CPU
		{1E471923-F993-4483-B838-3F7382622E02}.Debug|Any CPU.ActiveCfg = Debug|Any CPU
		{1E471923-F993-4483-B838-3F7382622E02}.Debug|Any CPU.Build.0 = Debug|Any CPU
		{1E471923-F993-4483-B838-3F7382622E02}.Release|Any CPU.ActiveCfg = Release|Any CPU
		{1E471923-F993-4483-B838-3F7382622E02}.Release|Any CPU.Build.0 = Release|Any CPU
		{0A08130B-3548-4B74-8BD6-443DAFCD55AE}.Debug|Any CPU.ActiveCfg = Debug|Any CPU
		{0A08130B-3548-4B74-8BD6-443DAFCD55AE}.Debug|Any CPU.Build.0 = Debug|Any CPU
		{0A08130B-3548-4B74-8BD6-443DAFCD55AE}.Release|Any CPU.ActiveCfg = Release|Any CPU
		{0A08130B-3548-4B74-8BD6-443DAFCD55AE}.Release|Any CPU.Build.0 = Release|Any CPU
		{6BA35E86-5713-4CFB-A9E2-2AB5453770E1}.Debug|Any CPU.ActiveCfg = Debug|Any CPU
		{6BA35E86-5713-4CFB-A9E2-2AB5453770E1}.Debug|Any CPU.Build.0 = Debug|Any CPU
		{6BA35E86-5713-4CFB-A9E2-2AB5453770E1}.Release|Any CPU.ActiveCfg = Release|Any CPU
		{6BA35E86-5713-4CFB-A9E2-2AB5453770E1}.Release|Any CPU.Build.0 = Release|Any CPU
	EndGlobalSection
	GlobalSection(SolutionProperties) = preSolution
		HideSolutionNode = FALSE
	EndGlobalSection
	GlobalSection(NestedProjects) = preSolution
		{1C07444D-BC11-47B5-BE53-1DDAAA68A766} = {C206BBB1-F8EA-4A69-97EB-A000D8CE1D09}
		{C6B4BF00-0BB6-42A7-B128-7650B7DAA177} = {07C8D81E-4799-4700-93AD-3493F544E789}
		{50F1CAC8-D3E5-4699-9B47-5FA35C6D5E77} = {07C8D81E-4799-4700-93AD-3493F544E789}
		{1E471923-F993-4483-B838-3F7382622E02} = {ECCE499D-198F-4F47-97B0-C9DE48CD2A29}
		{C1991C5B-A153-47B1-8E2B-77357BD67457} = {948FE1FE-93D4-4AAC-BF74-A9EBF829080B}
		{0A08130B-3548-4B74-8BD6-443DAFCD55AE} = {C6B4BF00-0BB6-42A7-B128-7650B7DAA177}
		{6BA35E86-5713-4CFB-A9E2-2AB5453770E1} = {50F1CAC8-D3E5-4699-9B47-5FA35C6D5E77}
	EndGlobalSection
EndGlobal
